{
  "version": "5",
  "specifiers": {
    "jsr:@std/assert@0.224": "0.224.0",
    "jsr:@std/async@^1.0.0-rc.1": "1.5.1",
    "jsr:@std/cli@~0.224.7": "0.224.7",
    "jsr:@std/crypto@^1.1.0": "1.1.0",
    "jsr:@std/encoding@1.0.0-rc.2": "1.0.0-rc.2",
    "jsr:@std/fmt@0.224": "0.224.0",
    "jsr:@std/fmt@~0.225.4": "0.225.6",
    "jsr:@std/http@0.224": "0.224.5",
    "jsr:@std/internal@0.224": "0.224.0",
    "jsr:@std/media-types@^1.0.0-rc.1": "1.1.0",
    "jsr:@std/net@~0.224.3": "0.224.5",
    "jsr:@std/path@0.224": "0.224.0",
    "jsr:@std/path@1.0.0-rc.2": "1.0.0-rc.2",
    "jsr:@std/semver@^1.0.8": "1.0.8",
    "jsr:@std/streams@~0.224.5": "0.224.5",
    "jsr:@zanix/app@1": "1.0.4",
    "jsr:@zanix/app@^1.0.4": "1.0.4",
    "jsr:@zanix/asyncmq@~0.9.1": "0.9.1",
    "jsr:@zanix/auth@1": "1.6.0",
    "jsr:@zanix/auth@^1.6.0": "1.6.0",
    "jsr:@zanix/datamaster@^1.11.1": "1.11.1",
    "jsr:@zanix/datamaster@^1.7.0": "1.11.1",
    "jsr:@zanix/datamaster@^1.9.0": "1.11.1",
    "jsr:@zanix/notifications@^1.2.3": "1.2.3",
    "jsr:@zanix/server@4": "4.3.4",
    "jsr:@zanix/server@^4.1.0": "4.3.4",
    "jsr:@zanix/server@^4.2.3": "4.3.4",
    "jsr:@zanix/server@^4.3.0": "4.3.4",
    "jsr:@zanix/server@^4.3.4": "4.3.4",
    "jsr:@zanix/space-ui@^2.4.0": "2.6.1",
    "jsr:@zanix/space@1": "1.16.4",
    "jsr:@zanix/space@^1.16.0": "1.16.4",
    "jsr:@zanix/utils@4": "4.7.1",
    "jsr:@zanix/utils@^4.1.0": "4.7.1",
    "jsr:@zanix/utils@^4.4.0": "4.7.1",
    "jsr:@zanix/utils@^4.5.0": "4.7.1",
    "jsr:@zanix/utils@^4.7.0": "4.7.1",
    "npm:@formatjs/icu-messageformat-parser@^3.5.17": "3.5.18",
    "npm:@formatjs/intl@^4.1.19": "4.2.1",
    "npm:@types/react-dom@^19.2.0": "19.3.0_@types+react@19.3.0",
    "npm:@types/react@^19.2.0": "19.3.0",
    "npm:babel-plugin-react-compiler@1": "1.0.0",
    "npm:handlebars@^4.7.8": "4.7.9",
    "npm:happy-dom@^20.11.2": "20.14.5",
    "npm:mongoose@8": "8.24.4",
    "npm:preact-render-to-string@^6.5.0": "6.7.0_preact@10.29.8",
    "npm:preact@^10.29.0": "10.29.8_preact-render-to-string@6.7.0",
    "npm:qrcode-generator@^1.5.2": "1.5.2",
    "npm:react-dom@^19.2.0": "19.3.0_react@19.3.0",
    "npm:react-dom@^19.2.8": "19.3.0_react@19.3.0",
    "npm:react@^19.2.0": "19.3.0",
    "npm:react@^19.2.8": "19.3.0",
    "npm:redis@^5.9.0": "5.12.1",
    "npm:schema-dts@^1.1.5": "1.1.5"
  },
  "jsr": {
    "@std/assert@0.224.0": {
      "integrity": "8643233ec7aec38a940a8264a6e3eed9bfa44e7a71cc6b3c8874213ff401967f",
      "dependencies": [
        "jsr:@std/fmt@0.224",
        "jsr:@std/internal"
      ]
    },
    "@std/async@1.5.1": {
      "integrity": "c82455dc70cab29a0adf3ac8075db934785bffdd3902af5afcf25d21a74cfd86"
    },
    "@std/cli@0.224.7": {
      "integrity": "654ca6477518e5e3a0d3fabafb2789e92b8c0febf1a1d24ba4b567aba94b5977"
    },
    "@std/crypto@1.1.0": {
      "integrity": "b8d6d0a6377a32b213af2661ed7bf1062d94feac0c57def5526a8e74a95c3ec8"
    },
    "@std/encoding@1.0.0-rc.2": {
      "integrity": "160d7674a20ebfbccdf610b3801fee91cf6e42d1c106dd46bbaf46e395cd35ef"
    },
    "@std/fmt@0.224.0": {
      "integrity": "e20e9a2312a8b5393272c26191c0a68eda8d2c4b08b046bad1673148f1d69851"
    },
    "@std/fmt@0.225.6": {
      "integrity": "aba6aea27f66813cecfd9484e074a9e9845782ab0685c030e453a8a70b37afc8"
    },
    "@std/http@0.224.5": {
      "integrity": "b03b5d1529f6c423badfb82f6640f9f2557b4034cd7c30655ba5bb447ff750a4",
      "dependencies": [
        "jsr:@std/async",
        "jsr:@std/cli",
        "jsr:@std/encoding",
        "jsr:@std/fmt@~0.225.4",
        "jsr:@std/media-types",
        "jsr:@std/net",
        "jsr:@std/path@1.0.0-rc.2",
        "jsr:@std/streams"
      ]
    },
    "@std/internal@0.224.0": {
      "integrity": "afc50644f9cdf4495eeb80523a8f6d27226b4b36c45c7c195dfccad4b8509291",
      "dependencies": [
        "jsr:@std/fmt@0.224"
      ]
    },
    "@std/media-types@1.1.0": {
      "integrity": "c9d093f0c05c3512932b330e3cc1fe1d627b301db33a4c2c2185c02471d6eaa4"
    },
    "@std/net@0.224.5": {
      "integrity": "9c2ae90a5c3dc7771da5ae5e13b6f7d5d0b316c1954c5d53f2bfc1129fb757ff"
    },
    "@std/path@0.224.0": {
      "integrity": "55bca6361e5a6d158b9380e82d4981d82d338ec587de02951e2b7c3a24910ee6",
      "dependencies": [
        "jsr:@std/assert"
      ]
    },
    "@std/path@1.0.0-rc.2": {
      "integrity": "39f20d37a44d1867abac8d91c169359ea6e942237a45a99ee1e091b32b921c7d"
    },
    "@std/semver@1.0.8": {
      "integrity": "dc830e8b8b6a380c895d53fbfd1258dc253704ca57bbe1629ac65fd7830179b7"
    },
    "@std/streams@0.224.5": {
      "integrity": "bcde7818dd5460d474cdbd674b15f6638b9cd73cd64e52bd852fba2bd4d8ec91"
    },
    "@zanix/app@1.0.4": {
      "integrity": "a812e3f434be70968470876383358b871a419a1863634f7a07e1714d15cf844c",
      "dependencies": [
        "jsr:@std/semver",
        "jsr:@zanix/asyncmq",
        "jsr:@zanix/datamaster@^1.7.0",
        "jsr:@zanix/server@^4.3.4",
        "jsr:@zanix/utils@4"
      ]
    },
    "@zanix/asyncmq@0.9.1": {
      "integrity": "e4238708fd0448cfbd5c550986a9ef40b2de71d5e1dfc1e8ffb8c6da7828f371",
      "dependencies": [
        "jsr:@zanix/server@4",
        "jsr:@zanix/utils@^4.5.0"
      ]
    },
    "@zanix/auth@1.6.0": {
      "integrity": "e94ec7928ce43625421f927b6ed225f1eb746fba7267dc96bfe06bebbf1051d4",
      "dependencies": [
        "jsr:@std/http",
        "jsr:@zanix/datamaster@^1.9.0",
        "jsr:@zanix/server@4",
        "jsr:@zanix/utils@4"
      ]
    },
    "@zanix/datamaster@1.11.1": {
      "integrity": "1fdecd947cbed897c2f59eb68b547b6960d40cd05159518566a80b0eaf0ebc1f",
      "dependencies": [
        "jsr:@zanix/server@^4.2.3",
        "jsr:@zanix/utils@^4.4.0",
        "npm:mongoose",
        "npm:redis"
      ]
    },
    "@zanix/notifications@1.2.3": {
      "integrity": "af0fae4f90fe4f1097c974f11e6933e762cf16aec66332941f3389f61c01e42b",
      "dependencies": [
        "jsr:@zanix/auth@1",
        "jsr:@zanix/datamaster@^1.9.0",
        "jsr:@zanix/server@4",
        "jsr:@zanix/utils@4",
        "npm:handlebars"
      ]
    },
    "@zanix/server@4.3.4": {
      "integrity": "f1b2c3a5eb80f191950c80ba0444f9e17fe9e9a1332b2bbad03d36276461dd7b",
      "dependencies": [
        "jsr:@std/http",
        "jsr:@std/path@0.224",
        "jsr:@zanix/utils@^4.1.0"
      ]
    },
    "@zanix/space@1.16.4": {
      "integrity": "d9f562a096761e165dce00783f7aed0c1f88a86424de37b6a3235186a893dedb",
      "dependencies": [
        "jsr:@std/path@0.224",
        "jsr:@zanix/app@1",
        "jsr:@zanix/server@^4.1.0",
        "jsr:@zanix/utils@^4.1.0",
        "npm:@types/react",
        "npm:@types/react-dom",
        "npm:preact",
        "npm:react-dom@^19.2.0",
        "npm:react@^19.2.0"
      ]
    },
    "@zanix/space-ui@2.6.1": {
      "integrity": "f3a114f7b6946187089806cf228e40f2a64fa223a814ccd6c0200ce10d08d162",
      "dependencies": [
        "jsr:@zanix/space@1",
        "jsr:@zanix/utils@^4.5.0",
        "npm:@formatjs/icu-messageformat-parser",
        "npm:@formatjs/intl",
        "npm:@types/react",
        "npm:preact",
        "npm:react@^19.2.0",
        "npm:schema-dts"
      ]
    },
    "@zanix/utils@4.7.1": {
      "integrity": "337d70b83fe362310057658d3983ae7c893850ab8e86f340bc020fa067553f05",
      "dependencies": [
        "jsr:@std/crypto",
        "jsr:@std/fmt@0.224",
        "jsr:@std/path@0.224"
      ]
    }
  },
  "npm": {
    "@babel/helper-string-parser@7.29.7": {
      "integrity": "sha512-Pb5ijPrZ89GDH8223L4UP8i6QApWxs04RbPQJTeWDV0/keR2E36MeKnyr6LYmUUvqRRI+Iv87SuF1W6ErINzYw=="
    },
    "@babel/helper-validator-identifier@7.29.7": {
      "integrity": "sha512-qehxGkRj55h/ff8EMaJ+cYhyaKlHIxqYDn682wQD7RNp9UujOQsHog2uS0r2vzr4pW+sXf90NeeayjcNaX3fFg=="
    },
    "@babel/types@7.29.8": {
      "integrity": "sha512-Vj1jF3cPfxg7OAfoI7QnVKLoILlm2JF9pnVHrX8qx7AHMiYWT+NDAA7jChlNgRS4WTLc/fD1lXLmPixluj+3Gg==",
      "dependencies": [
        "@babel/helper-string-parser",
        "@babel/helper-validator-identifier"
      ]
    },
    "@formatjs/fast-memoize@3.1.7": {
      "integrity": "sha512-zXfhLpvA6T7+efdt9JLbBwZ00tT7NsBMDVnDu8rpHeNNv8KfRZAMo2gkG0k9lK/Nzc//3kJ9pImsfuJxk3KhUA=="
    },
    "@formatjs/icu-messageformat-parser@3.5.18": {
      "integrity": "sha512-wX1efcL8d7K5QapOTRsP/OLTA/kpwe4LwqWyNxDNg5iRs8i9jJbCyxB5P8jc4KOW5oiLzz2DJr+BRY5xMV9+bA==",
      "dependencies": [
        "@formatjs/icu-skeleton-parser"
      ]
    },
    "@formatjs/icu-skeleton-parser@2.1.11": {
      "integrity": "sha512-j8cUmOJzVgkHuS0QiQ6ga76UIoLOFSAMWhs7aZJztH3aAdCOAE6vpC8KVvFB4cU10ON0y2/5oOVmPJ43s2lTwA=="
    },
    "@formatjs/intl@4.2.1": {
      "integrity": "sha512-GiL0cReencWQkhfJedNLMe0Aorb/wyTRJdi+hLgG9gsDPy4yw2N+EkMcijf5+oGKd5jde75tr5nujsPg78bUTw==",
      "dependencies": [
        "@formatjs/fast-memoize",
        "@formatjs/icu-messageformat-parser",
        "intl-messageformat"
      ]
    },
    "@mongodb-js/saslprep@1.5.4": {
      "integrity": "sha512-05UC0jQsjKAOuXQ0H9Ud9vUTJpZIg+n/FinpR30tI5I8pY2inTfPOZ5OF/cg3Ce/N9MoD1xhRCeOsJtuTbFYlw==",
      "dependencies": [
        "sparse-bitfield"
      ]
    },
    "@redis/bloom@5.12.1_@redis+client@5.12.1": {
      "integrity": "sha512-PUUfv+ms7jgPSBVoo/DN4AkPHj4D5TZSd6SbJX7egzBplkYUcKmHRE8RKia7UtZ8bSQbLguLvxVO+asKtQfZWA==",
      "dependencies": [
        "@redis/client"
      ]
    },
    "@redis/client@5.12.1": {
      "integrity": "sha512-7aPGWeqA3uFm43o19umzdl16CEjK/JQGtSXVPevplTaOU3VJA/rseBC1QvYUz9lLDIMBimc4SW/zrW4S89BaCA==",
      "dependencies": [
        "cluster-key-slot"
      ]
    },
    "@redis/json@5.12.1_@redis+client@5.12.1": {
      "integrity": "sha512-eOze75esLve4vfqDel7aMX08CNaiLLQS2fV8mpRN9NxPe1rVR4vQyYiW/OgtGUysF6QOr9ANhfxABKNOJfXdKg==",
      "dependencies": [
        "@redis/client"
      ]
    },
    "@redis/search@5.12.1_@redis+client@5.12.1": {
      "integrity": "sha512-ItlxbxC9cKI6IU1TLWoczwJCRb6TdmkEpWv05UrPawqaAnWGRu3rcIqsc5vN483T2fSociuyV1UkWIL5I4//2w==",
      "dependencies": [
        "@redis/client"
      ]
    },
    "@redis/time-series@5.12.1_@redis+client@5.12.1": {
      "integrity": "sha512-c6JL6E3EcZJuNqKFz+KM+l9l5mpcQiKvTwgA3blt5glWJ8hjDk0yeHN3beE/MpqYIQ8UEX44ItQzgkE/gCBELQ==",
      "dependencies": [
        "@redis/client"
      ]
    },
    "@types/node@26.6.3": {
      "integrity": "sha512-dsqMQQoeTLqu9wynDD00q573mNzso3IdQOAfHRJqLCcmCFPoGo9A1bDpUcv/9tnKpErQWv9uKeGfl37EIS02Yg==",
      "dependencies": [
        "undici-types"
      ]
    },
    "@types/react-dom@19.3.0_@types+react@19.3.0": {
      "integrity": "sha512-ZI7bU42mZXXKHn/qNLEw2IrbiINU7X5+vfgdixBHkCNpYWXjKgfQ/P+uyGb5CjOLB9UcnTeg3rylQtV2hym44Q==",
      "dependencies": [
        "@types/react"
      ]
    },
    "@types/react@19.3.0": {
      "integrity": "sha512-N0rFCuH9YoxG9/m61l9MfpJKfmLOVU0em7ipIz6TRgSSkvReLB9vL85GB+yr8Bs5leqpvg96JSwF4ZS1s4viQg==",
      "dependencies": [
        "csstype"
      ]
    },
    "@types/webidl-conversions@7.0.3": {
      "integrity": "sha512-CiJJvcRtIgzadHCYXw7dqEnMNRjhGZlYK05Mj9OyktqV8uVT8fD2BFOB7S1uwBE3Kj2Z+4UyPmFw/Ixgw/LAlA=="
    },
    "@types/whatwg-mimetype@3.0.2": {
      "integrity": "sha512-c2AKvDT8ToxLIOUlN51gTiHXflsfIFisS4pO7pDPoKouJCESkhZnEy623gwP9laCy5lnLDAw1vAzu2vM2YLOrA=="
    },
    "@types/whatwg-url@11.0.5": {
      "integrity": "sha512-coYR071JRaHa+xoEvvYqvnIHaVqaYrLPbsufM9BF63HkwI5Lgmy2QR8Q5K/lYDYo5AK82wOvSOS0UsLTpTG7uQ==",
      "dependencies": [
        "@types/webidl-conversions"
      ]
    },
    "@types/ws@8.18.1": {
      "integrity": "sha512-ThVF6DCVhA8kUGy+aazFQ4kXQ7E1Ty7A3ypFOe0IcJV8O/M511G99AW24irKrW56Wt44yG9+ij8FaqoBGkuBXg==",
      "dependencies": [
        "@types/node"
      ]
    },
    "babel-plugin-react-compiler@1.0.0": {
      "integrity": "sha512-Ixm8tFfoKKIPYdCCKYTsqv+Fd4IJ0DQqMyEimo+pxUOMUR9cVPlwTrFt9Avu+3cb6Zp3mAzl+t1MrG2fxxKsxw==",
      "dependencies": [
        "@babel/types"
      ]
    },
    "bson@6.10.4": {
      "integrity": "sha512-WIsKqkSC0ABoBJuT1LEX+2HEvNmNKKgnTAyd0fL8qzK4SH2i9NXg+t08YtdZp/V9IZ33cxe3iV4yM0qg8lMQng=="
    },
    "buffer-image-size@0.6.4": {
      "integrity": "sha512-nEh+kZOPY1w+gcCMobZ6ETUp9WfibndnosbpwB1iJk/8Gt5ZF2bhS6+B6bPYz424KtwsR6Rflc3tCz1/ghX2dQ==",
      "dependencies": [
        "@types/node"
      ]
    },
    "cluster-key-slot@1.1.2": {
      "integrity": "sha512-RMr0FhtfXemyinomL4hrWcYJxmX6deFdCxpJzhDttxgO1+bcCnkk+9drydLVDmAMG7NE6aN/fl4F7ucU/90gAA=="
    },
    "csstype@3.2.3": {
      "integrity": "sha512-z1HGKcYy2xA8AGQfwrn0PAy+PB7X/GSj3UVJW9qKyn43xWa+gl5nXmU4qqLMRzWVLFC8KusUX8T/0kCiOYpAIQ=="
    },
    "debug@4.4.3": {
      "integrity": "sha512-RGwwWnwQvkVfavKVt22FGLw+xYSdzARwm0ru6DhTVA3umU5hZc28V3kO4stgYryrTlLpuvgI9GiijltAjNbcqA==",
      "dependencies": [
        "ms"
      ]
    },
    "entities@7.0.1": {
      "integrity": "sha512-TWrgLOFUQTH994YUyl1yT4uyavY5nNB5muff+RtWaqNVCAK408b5ZnnbNAUEWLTCpum9w6arT70i1XdQ4UeOPA=="
    },
    "handlebars@4.7.9": {
      "integrity": "sha512-4E71E0rpOaQuJR2A3xDZ+GM1HyWYv1clR58tC8emQNeQe3RH7MAzSbat+V0wG78LQBo6m6bzSG/L4pBuCsgnUQ==",
      "dependencies": [
        "minimist",
        "neo-async",
        "source-map",
        "wordwrap"
      ],
      "optionalDependencies": [
        "uglify-js"
      ],
      "bin": true
    },
    "happy-dom@20.14.5": {
      "integrity": "sha512-x/RzkpWO40bTjIoT30iQtt64FLLmH/iRcUCN2X//bLx7H3ifkdfPXyqsro/OYtqzIAhiLMMA7mmiOR9C3NOKjQ==",
      "dependencies": [
        "@types/node",
        "@types/whatwg-mimetype",
        "@types/ws",
        "buffer-image-size",
        "entities",
        "whatwg-mimetype",
        "ws"
      ]
    },
    "intl-messageformat@11.2.15": {
      "integrity": "sha512-W4VNytsXyWgW5lvVchmsb9xgA5rSKqoflu3/IQ9UCtB0z4R+Bx9MoEkwFT/+30RCl/KzUoH0QGGe9lppF5SuvQ==",
      "dependencies": [
        "@formatjs/fast-memoize",
        "@formatjs/icu-messageformat-parser"
      ]
    },
    "kareem@2.6.3": {
      "integrity": "sha512-C3iHfuGUXK2u8/ipq9LfjFfXFxAZMQJJq7vLS45r3D9Y2xQ/m4S8zaR4zMLFWh9AsNPXmcFfUDhTEO8UIC/V6Q=="
    },
    "memory-pager@1.5.0": {
      "integrity": "sha512-ZS4Bp4r/Zoeq6+NLJpP+0Zzm0pR8whtGPf1XExKLJBAczGMnSi3It14OiNCStjQjM6NU1okjQGSxgEZN8eBYKg=="
    },
    "minimist@1.2.8": {
      "integrity": "sha512-2yyAR8qBkN3YuheJanUpWC5U3bb5osDywNB8RzDVlDwDHbocAJveqqj1u8+SVD7jkWT4yvsHCpWqqWqAxb0zCA=="
    },
    "mongodb-connection-string-url@3.0.2": {
      "integrity": "sha512-rMO7CGo/9BFwyZABcKAWL8UJwH/Kc2x0g72uhDWzG48URRax5TCIcJ7Rc3RZqffZzO/Gwff/jyKwCU9TN8gehA==",
      "dependencies": [
        "@types/whatwg-url",
        "whatwg-url"
      ]
    },
    "mongodb@6.20.0": {
      "integrity": "sha512-Tl6MEIU3K4Rq3TSHd+sZQqRBoGlFsOgNrH5ltAcFBV62Re3Fd+FcaVf8uSEQFOJ51SDowDVttBTONMfoYWrWlQ==",
      "dependencies": [
        "@mongodb-js/saslprep",
        "bson",
        "mongodb-connection-string-url"
      ]
    },
    "mongoose@8.24.4": {
      "integrity": "sha512-DoV8hYy5ssoh/j99rhYzeS2BLLcLJZ+EGQYfe/Ln+yMorBy0wgKdlwJBj59zJ1N0MnEKQypbeqUYFB0FVThmYg==",
      "dependencies": [
        "bson",
        "kareem",
        "mongodb",
        "mpath",
        "mquery",
        "ms",
        "sift"
      ]
    },
    "mpath@0.9.0": {
      "integrity": "sha512-ikJRQTk8hw5DEoFVxHG1Gn9T/xcjtdnOKIU1JTmGjZZlg9LST2mBLmcX3/ICIbgJydT2GOc15RnNy5mHmzfSew=="
    },
    "mquery@5.0.0": {
      "integrity": "sha512-iQMncpmEK8R8ncT8HJGsGc9Dsp8xcgYMVSbs5jgnm1lFHTZqMJTUWTDx1LBO8+mK3tPNZWFLBghQEIOULSTHZg==",
      "dependencies": [
        "debug"
      ]
    },
    "ms@2.1.3": {
      "integrity": "sha512-6FlzubTLZG3J2a/NVCAleEhjzq5oxgHyaCU9yYXvcLsvoVaHJq/s5xXI6/XXP6tz7R9xAOtHnSO/tXtF3WRTlA=="
    },
    "neo-async@2.6.2": {
      "integrity": "sha512-Yd3UES5mWCSqR+qNT93S3UoYUkqAZ9lLg8a7g9rimsWmYGK8cVToA4/sF3RrshdyV3sAGMXVUmpMYOw+dLpOuw=="
    },
    "preact-render-to-string@6.7.0_preact@10.29.8": {
      "integrity": "sha512-Z4WR8fmLMRpdYqJ9i7vrlXSsSrxVJydwrkEXHapexfARbWfGb7vGcnvNQnIzN0cXciMVOlz/XLoiMCi9gUsy9Q==",
      "dependencies": [
        "preact"
      ]
    },
    "preact@10.29.8_preact-render-to-string@6.7.0": {
      "integrity": "sha512-ej2aVZ+vZ8WO7tvlQWRM9N63A0KzF9q4mWJfDUHgYaIofWY9hu74QdnQrjoPMmZi2/nZ5gN0bJCQF49xQqx09Q==",
      "dependencies": [
        "preact-render-to-string"
      ],
      "optionalPeers": [
        "preact-render-to-string"
      ]
    },
    "punycode@2.3.1": {
      "integrity": "sha512-vYt7UD1U9Wg6138shLtLOvdAu+8DsC/ilFtEVHcH+wydcSpNE20AfSOduf6MkRFahL5FY7X1oU7nKVZFtfq8Fg=="
    },
    "qrcode-generator@1.5.2": {
      "integrity": "sha512-pItrW0Z9HnDBnFmgiNrY1uxRdri32Uh9EjNYLPVC2zZ3ZRIIEqBoDgm4DkvDwNNDHTK7FNkmr8zAa77BYc9xNw=="
    },
    "react-dom@19.3.0_react@19.3.0": {
      "integrity": "sha512-JDk8dgif51OjFoDE70+OT9ICyYr+69HlmihNwp1+Nsfbna3t5sIiCa9ZJktDmQ4/1b/rn26hIAR2uYXDMr5r0Q==",
      "dependencies": [
        "react",
        "scheduler"
      ]
    },
    "react@19.3.0": {
      "integrity": "sha512-E8LUcbtBWt20bbl2YoHfx4ZDBdxVTfOKtCZn9cDSJ4l6/nuoApcpIBcj47t2wZoVX8g2ZHuMHbiShgCR1T5Sog=="
    },
    "redis@5.12.1": {
      "integrity": "sha512-LDsoVvb/CpoV9EN3FXvgvSHNJWuCIzl9MiO3ppOevuGLpSGJhwfQjpEwfFJcQvNSddHADDdZaWx0HnmMxRXG7g==",
      "dependencies": [
        "@redis/bloom",
        "@redis/client",
        "@redis/json",
        "@redis/search",
        "@redis/time-series"
      ]
    },
    "scheduler@0.28.0": {
      "integrity": "sha512-juorfCmIkIw8tT+p5BXSm6PJjQF/ycEYmKyzURCIt/RaZIhL+PulbQ9Yu2z1HdOJDdqDTlxA1+xKBmHXJsczAw=="
    },
    "schema-dts@1.1.5": {
      "integrity": "sha512-RJr9EaCmsLzBX2NDiO5Z3ux2BVosNZN5jo0gWgsyKvxKIUL5R3swNvoorulAeL9kLB0iTSX7V6aokhla2m7xbg=="
    },
    "sift@17.1.3": {
      "integrity": "sha512-Rtlj66/b0ICeFzYTuNvX/EF1igRbbnGSvEyT79McoZa/DeGhMyC5pWKOEsZKnpkqtSeovd5FL/bjHWC3CIIvCQ=="
    },
    "source-map@0.6.1": {
      "integrity": "sha512-UjgapumWlbMhkBgzT7Ykc5YXUT46F0iKu8SGXq0bcwP5dz/h0Plj6enJqjz1Zbq2l5WaqYnrVbwWOWMyF3F47g=="
    },
    "sparse-bitfield@3.0.3": {
      "integrity": "sha512-kvzhi7vqKTfkh0PZU+2D2PIllw2ymqJKujUcyPMd9Y75Nv4nPbGJZXNhxsgdQab2BmlDct1YnfQCguEvHr7VsQ==",
      "dependencies": [
        "memory-pager"
      ]
    },
    "tr46@5.1.1": {
      "integrity": "sha512-hdF5ZgjTqgAntKkklYw0R03MG2x/bSzTtkxmIRw/sTNV8YXsCJ1tfLAX23lhxhHJlEf3CRCOCGGWw3vI3GaSPw==",
      "dependencies": [
        "punycode"
      ]
    },
    "uglify-js@3.19.3": {
      "integrity": "sha512-v3Xu+yuwBXisp6QYTcH4UbH+xYJXqnq2m/LtQVWKWzYc1iehYnLixoQDN9FH6/j9/oybfd6W9Ghwkl8+UMKTKQ==",
      "bin": true
    },
    "undici-types@8.9.0": {
      "integrity": "sha512-KTDyRTYX8sWmKXAikPHHSyc63CRPETMctyjKFupcC6OBLXT3xsN0e9aF7m+mIXutFWpUXuedtowG7iLOzp0kQg=="
    },
    "webidl-conversions@7.0.0": {
      "integrity": "sha512-VwddBukDzu71offAQR975unBIGqfKZpM+8ZX6ySk8nYhVoo5CYaZyzt3YBvYtRtO+aoGlqxPg/B87NGVZ/fu6g=="
    },
    "whatwg-mimetype@3.0.0": {
      "integrity": "sha512-nt+N2dzIutVRxARx1nghPKGv1xHikU7HKdfafKkLNLindmPU/ch3U31NOCGGA/dmPcmb1VlofO0vnKAcsm0o/Q=="
    },
    "whatwg-url@14.2.0": {
      "integrity": "sha512-De72GdQZzNTUBBChsXueQUnPKDkg/5A5zp7pFDuQAj5UFoENpiACU0wlCvzpAGnTkj++ihpKwKyYewn/XNUbKw==",
      "dependencies": [
        "tr46",
        "webidl-conversions"
      ]
    },
    "wordwrap@1.0.0": {
      "integrity": "sha512-gvVzJFlPycKc5dZN4yPkP8w7Dc37BtP1yczEneOb4uq34pXZcvrtRTmWV8W+Ume+XCxKgbjM+nevkyFPMybd4Q=="
    },
    "ws@8.22.0": {
      "integrity": "sha512-Ydggc987+RO0AnWtZ/7Wq9FtNvcrL1b/RO0ud9mWjUPgDrsAAwQSF51sm2hm1XofbU/4jkpGEsLFsZZxU+1DOg=="
    }
  },
  "workspace": {
    "dependencies": [
      "jsr:@zanix/app@^1.0.4",
      "jsr:@zanix/asyncmq@~0.9.1",
      "jsr:@zanix/auth@^1.6.0",
      "jsr:@zanix/core@^3.1.3",
      "jsr:@zanix/datamaster@^1.11.1",
      "jsr:@zanix/notifications@^1.2.3",
      "jsr:@zanix/server@^4.3.0",
      "jsr:@zanix/space-ui@^2.4.0",
      "jsr:@zanix/space@^1.16.0",
      "jsr:@zanix/utils@^4.7.0",
      "npm:@formatjs/icu-messageformat-parser@^3.5.17",
      "npm:babel-plugin-react-compiler@1",
      "npm:happy-dom@^20.11.2",
      "npm:preact-render-to-string@^6.5.0",
      "npm:preact@^10.29.0",
      "npm:qrcode-generator@^1.5.2",
      "npm:react-dom@^19.2.8",
      "npm:react@^19.2.8"
    ]
  }
}
